
Microsoft Visual Studio Solution File, Format Version 12.00
# Visual Studio Version 16
VisualStudioVersion = 16.0.31112.23
MinimumVisualStudioVersion = 10.0.40219.1
Project("{FAE04EC0-301F-11D3-BF4B-00C04F79EFBC}") = "LabClases5", "LabClases5.csproj", "{2729BECF-E9BC-457D-BF8B-85A4747E8A2B}"
EndProject
Project("{FAE04EC0-301F-11D3-BF4B-00C04F79EFBC}") = "Juego", "..\Juego\Juego.csproj", "{4600D4BB-4E1E-4798-B7E9-98E708A3826A}"
EndProject
Project("{FAE04EC0-301F-11D3-BF4B-00C04F79EFBC}") = "Jugada", "..\Jugada\Jugada.csproj", "{B93EB3B5-2F34-4113-B414-AF740A78F2EB}"
EndProject
Global
	GlobalSection(SolutionConfigurationPlatforms) = preSolution
		Debug|Any CPU = Debug|Any CPU
		Release|Any CPU = Release|Any CPU
	EndGlobalSection
	GlobalSection(ProjectConfigurationPlatforms) = postSolution
		{2729BECF-E9BC-457D-BF8B-85A4747E8A2B}.Debug|Any CPU.ActiveCfg = Debug|Any CPU
		{2729BECF-E9BC-457D-BF8B-85A4747E8A2B}.Debug|Any CPU.Build.0 = Debug|Any CPU
		{2729BECF-E9BC-457D-BF8B-85A4747E8A2B}.Release|Any CPU.ActiveCfg = Release|Any CPU
		{2729BECF-E9BC-457D-BF8B-85A4747E8A2B}.Release|Any CPU.Build.0 = Release|Any CPU
		{4600D4BB-4E1E-4798-B7E9-98E708A3826A}.Debug|Any CPU.ActiveCfg = Debug|Any CPU
		{4600D4BB-4E1E-4798-B7E9-98E708A3826A}.Debug|Any CPU.Build.0 = Debug|Any CPU
		{4600D4BB-4E1E-4798-B7E9-98E708A3826A}.Release|Any CPU.ActiveCfg = Release|Any CPU
		{4600D4BB-4E1E-4798-B7E9-98E708A3826A}.Release|Any CPU.Build.0 = Release|Any CPU
		{B93EB3B5-2F34-4113-B414-AF740A78F2EB}.Debug|Any CPU.ActiveCfg = Debug|Any CPU
		{B93EB3B5-2F34-4113-B414-AF740A78F2EB}.Debug|Any CPU.Build.0 = Debug|Any CPU
		{B93EB3B5-2F34-4113-B414-AF740A78F2EB}.Release|Any CPU.ActiveCfg = Release|Any CPU
		{B93EB3B5-2F34-4113-B414-AF740A78F2EB}.Release|Any CPU.Build.0 = Release|Any CPU
	EndGlobalSection
	GlobalSection(SolutionProperties) = preSolution
		HideSolutionNode = FALSE
	EndGlobalSection
	GlobalSection(ExtensibilityGlobals) = postSolution
		SolutionGuid = {FC5D6352-826B-4278-A3FA-16C2D2191343}
	EndGlobalSection
EndGlobal
