
Microsoft Visual Studio Solution File, Format Version 12.00
# Visual Studio Version 16
VisualStudioVersion = 16.0.31112.23
MinimumVisualStudioVersion = 10.0.40219.1
Project("{FAE04EC0-301F-11D3-BF4B-00C04F79EFBC}") = "Util", "Util\Util.csproj", "{5A08AFB6-EECF-4AE5-A047-2A33C8F5091B}"
EndProject
Project("{FAE04EC0-301F-11D3-BF4B-00C04F79EFBC}") = "Windows", "Windows\Windows.csproj", "{0B9EA6CA-0EEF-49D0-A631-1D6AD69F1851}"
EndProject
Project("{FAE04EC0-301F-11D3-BF4B-00C04F79EFBC}") = "Console", "Console\Console.csproj", "{C8A7E627-0D1C-45D0-9F8A-07708C728E26}"
EndProject
Project("{FAE04EC0-301F-11D3-BF4B-00C04F79EFBC}") = "Web", "Web\Web.csproj", "{C33E1612-1E4F-4CFE-9F31-6C92E90117FF}"
EndProject
Global
	GlobalSection(SolutionConfigurationPlatforms) = preSolution
		Debug|Any CPU = Debug|Any CPU
		Release|Any CPU = Release|Any CPU
	EndGlobalSection
	GlobalSection(ProjectConfigurationPlatforms) = postSolution
		{5A08AFB6-EECF-4AE5-A047-2A33C8F5091B}.Debug|Any CPU.ActiveCfg = Debug|Any CPU
		{5A08AFB6-EECF-4AE5-A047-2A33C8F5091B}.Debug|Any CPU.Build.0 = Debug|Any CPU
		{5A08AFB6-EECF-4AE5-A047-2A33C8F5091B}.Release|Any CPU.ActiveCfg = Release|Any CPU
		{5A08AFB6-EECF-4AE5-A047-2A33C8F5091B}.Release|Any CPU.Build.0 = Release|Any CPU
		{0B9EA6CA-0EEF-49D0-A631-1D6AD69F1851}.Debug|Any CPU.ActiveCfg = Debug|Any CPU
		{0B9EA6CA-0EEF-49D0-A631-1D6AD69F1851}.Debug|Any CPU.Build.0 = Debug|Any CPU
		{0B9EA6CA-0EEF-49D0-A631-1D6AD69F1851}.Release|Any CPU.ActiveCfg = Release|Any CPU
		{0B9EA6CA-0EEF-49D0-A631-1D6AD69F1851}.Release|Any CPU.Build.0 = Release|Any CPU
		{C8A7E627-0D1C-45D0-9F8A-07708C728E26}.Debug|Any CPU.ActiveCfg = Debug|Any CPU
		{C8A7E627-0D1C-45D0-9F8A-07708C728E26}.Debug|Any CPU.Build.0 = Debug|Any CPU
		{C8A7E627-0D1C-45D0-9F8A-07708C728E26}.Release|Any CPU.ActiveCfg = Release|Any CPU
		{C8A7E627-0D1C-45D0-9F8A-07708C728E26}.Release|Any CPU.Build.0 = Release|Any CPU
		{C33E1612-1E4F-4CFE-9F31-6C92E90117FF}.Debug|Any CPU.ActiveCfg = Debug|Any CPU
		{C33E1612-1E4F-4CFE-9F31-6C92E90117FF}.Debug|Any CPU.Build.0 = Debug|Any CPU
		{C33E1612-1E4F-4CFE-9F31-6C92E90117FF}.Release|Any CPU.ActiveCfg = Release|Any CPU
		{C33E1612-1E4F-4CFE-9F31-6C92E90117FF}.Release|Any CPU.Build.0 = Release|Any CPU
	EndGlobalSection
	GlobalSection(SolutionProperties) = preSolution
		HideSolutionNode = FALSE
	EndGlobalSection
	GlobalSection(ExtensibilityGlobals) = postSolution
		SolutionGuid = {29E543EE-56FC-4527-9C7D-C7603E617853}
	EndGlobalSection
EndGlobal
