
Microsoft Visual Studio Solution File, Format Version 12.00
# Visual Studio Version 16
VisualStudioVersion = 16.0.31112.23
MinimumVisualStudioVersion = 10.0.40219.1
Project("{FAE04EC0-301F-11D3-BF4B-00C04F79EFBC}") = "LabSintaxis4.1", "LabSintaxis4.1.csproj", "{FE2E59ED-2315-4801-B857-60A7A8A83DF4}"
EndProject
Global
	GlobalSection(SolutionConfigurationPlatforms) = preSolution
		Debug|Any CPU = Debug|Any CPU
		Release|Any CPU = Release|Any CPU
	EndGlobalSection
	GlobalSection(ProjectConfigurationPlatforms) = postSolution
		{FE2E59ED-2315-4801-B857-60A7A8A83DF4}.Debug|Any CPU.ActiveCfg = Debug|Any CPU
		{FE2E59ED-2315-4801-B857-60A7A8A83DF4}.Debug|Any CPU.Build.0 = Debug|Any CPU
		{FE2E59ED-2315-4801-B857-60A7A8A83DF4}.Release|Any CPU.ActiveCfg = Release|Any CPU
		{FE2E59ED-2315-4801-B857-60A7A8A83DF4}.Release|Any CPU.Build.0 = Release|Any CPU
	EndGlobalSection
	GlobalSection(SolutionProperties) = preSolution
		HideSolutionNode = FALSE
	EndGlobalSection
	GlobalSection(ExtensibilityGlobals) = postSolution
		SolutionGuid = {7EADCE5F-54C3-4845-916E-BCA3A71FB703}
	EndGlobalSection
EndGlobal
