
Microsoft Visual Studio Solution File, Format Version 12.00
# Visual Studio Version 16
VisualStudioVersion = 16.0.31112.23
MinimumVisualStudioVersion = 10.0.40219.1
Project("{FAE04EC0-301F-11D3-BF4B-00C04F79EFBC}") = "Geometria", "Geometria.csproj", "{B0E53C1E-A24B-4F88-B822-BDA83A581849}"
EndProject
Global
	GlobalSection(SolutionConfigurationPlatforms) = preSolution
		Debug|Any CPU = Debug|Any CPU
		Release|Any CPU = Release|Any CPU
	EndGlobalSection
	GlobalSection(ProjectConfigurationPlatforms) = postSolution
		{B0E53C1E-A24B-4F88-B822-BDA83A581849}.Debug|Any CPU.ActiveCfg = Debug|Any CPU
		{B0E53C1E-A24B-4F88-B822-BDA83A581849}.Debug|Any CPU.Build.0 = Debug|Any CPU
		{B0E53C1E-A24B-4F88-B822-BDA83A581849}.Release|Any CPU.ActiveCfg = Release|Any CPU
		{B0E53C1E-A24B-4F88-B822-BDA83A581849}.Release|Any CPU.Build.0 = Release|Any CPU
	EndGlobalSection
	GlobalSection(SolutionProperties) = preSolution
		HideSolutionNode = FALSE
	EndGlobalSection
	GlobalSection(ExtensibilityGlobals) = postSolution
		SolutionGuid = {3D2416AB-D53F-4D5A-AED6-D9BCF84DF3E5}
	EndGlobalSection
EndGlobal
