
Microsoft Visual Studio Solution File, Format Version 12.00
# Visual Studio Version 16
VisualStudioVersion = 16.0.31112.23
MinimumVisualStudioVersion = 10.0.40219.1
Project("{FAE04EC0-301F-11D3-BF4B-00C04F79EFBC}") = "LabSintaxis3", "LabSintaxis3.csproj", "{E9CEDC61-DA1B-4A20-806A-D513F5D31390}"
EndProject
Global
	GlobalSection(SolutionConfigurationPlatforms) = preSolution
		Debug|Any CPU = Debug|Any CPU
		Release|Any CPU = Release|Any CPU
	EndGlobalSection
	GlobalSection(ProjectConfigurationPlatforms) = postSolution
		{E9CEDC61-DA1B-4A20-806A-D513F5D31390}.Debug|Any CPU.ActiveCfg = Debug|Any CPU
		{E9CEDC61-DA1B-4A20-806A-D513F5D31390}.Debug|Any CPU.Build.0 = Debug|Any CPU
		{E9CEDC61-DA1B-4A20-806A-D513F5D31390}.Release|Any CPU.ActiveCfg = Release|Any CPU
		{E9CEDC61-DA1B-4A20-806A-D513F5D31390}.Release|Any CPU.Build.0 = Release|Any CPU
	EndGlobalSection
	GlobalSection(SolutionProperties) = preSolution
		HideSolutionNode = FALSE
	EndGlobalSection
	GlobalSection(ExtensibilityGlobals) = postSolution
		SolutionGuid = {EA84EE38-DCFB-4696-844C-88F9AE71CFBB}
	EndGlobalSection
EndGlobal
