
Microsoft Visual Studio Solution File, Format Version 12.00
# Visual Studio Version 16
VisualStudioVersion = 16.0.31112.23
MinimumVisualStudioVersion = 10.0.40219.1
Project("{FAE04EC0-301F-11D3-BF4B-00C04F79EFBC}") = "Lab01", "Lab01.csproj", "{0A4A4C51-2750-4A00-B9D2-F6E779698B2E}"
EndProject
Global
	GlobalSection(SolutionConfigurationPlatforms) = preSolution
		Debug|Any CPU = Debug|Any CPU
		Release|Any CPU = Release|Any CPU
	EndGlobalSection
	GlobalSection(ProjectConfigurationPlatforms) = postSolution
		{0A4A4C51-2750-4A00-B9D2-F6E779698B2E}.Debug|Any CPU.ActiveCfg = Debug|Any CPU
		{0A4A4C51-2750-4A00-B9D2-F6E779698B2E}.Debug|Any CPU.Build.0 = Debug|Any CPU
		{0A4A4C51-2750-4A00-B9D2-F6E779698B2E}.Release|Any CPU.ActiveCfg = Release|Any CPU
		{0A4A4C51-2750-4A00-B9D2-F6E779698B2E}.Release|Any CPU.Build.0 = Release|Any CPU
	EndGlobalSection
	GlobalSection(SolutionProperties) = preSolution
		HideSolutionNode = FALSE
	EndGlobalSection
	GlobalSection(ExtensibilityGlobals) = postSolution
		SolutionGuid = {757CBD0B-1D64-43E2-9669-FB83CC19931B}
	EndGlobalSection
EndGlobal
