
Microsoft Visual Studio Solution File, Format Version 12.00
# Visual Studio Version 16
VisualStudioVersion = 16.0.31112.23
MinimumVisualStudioVersion = 10.0.40219.1
Project("{FAE04EC0-301F-11D3-BF4B-00C04F79EFBC}") = "LabSintaxis4.6", "LabSintaxis4.6.csproj", "{F18E99C4-A6E7-40F9-BE87-F5876962E2D6}"
EndProject
Global
	GlobalSection(SolutionConfigurationPlatforms) = preSolution
		Debug|Any CPU = Debug|Any CPU
		Release|Any CPU = Release|Any CPU
	EndGlobalSection
	GlobalSection(ProjectConfigurationPlatforms) = postSolution
		{F18E99C4-A6E7-40F9-BE87-F5876962E2D6}.Debug|Any CPU.ActiveCfg = Debug|Any CPU
		{F18E99C4-A6E7-40F9-BE87-F5876962E2D6}.Debug|Any CPU.Build.0 = Debug|Any CPU
		{F18E99C4-A6E7-40F9-BE87-F5876962E2D6}.Release|Any CPU.ActiveCfg = Release|Any CPU
		{F18E99C4-A6E7-40F9-BE87-F5876962E2D6}.Release|Any CPU.Build.0 = Release|Any CPU
	EndGlobalSection
	GlobalSection(SolutionProperties) = preSolution
		HideSolutionNode = FALSE
	EndGlobalSection
	GlobalSection(ExtensibilityGlobals) = postSolution
		SolutionGuid = {CCC443F4-0D64-4CD8-A1FB-12E622487602}
	EndGlobalSection
EndGlobal
