
Microsoft Visual Studio Solution File, Format Version 12.00
# Visual Studio Version 16
VisualStudioVersion = 16.0.31112.23
MinimumVisualStudioVersion = 10.0.40219.1
Project("{FAE04EC0-301F-11D3-BF4B-00C04F79EFBC}") = "LabClases2", "LabClases2.csproj", "{AB36EC55-B760-4139-AAAA-2A33C9F86F33}"
EndProject
Project("{FAE04EC0-301F-11D3-BF4B-00C04F79EFBC}") = "Clases2", "..\Clases2\Clases2.csproj", "{2404EE02-7F9F-4B3C-97FA-E56E0359A2D3}"
EndProject
Global
	GlobalSection(SolutionConfigurationPlatforms) = preSolution
		Debug|Any CPU = Debug|Any CPU
		Release|Any CPU = Release|Any CPU
	EndGlobalSection
	GlobalSection(ProjectConfigurationPlatforms) = postSolution
		{AB36EC55-B760-4139-AAAA-2A33C9F86F33}.Debug|Any CPU.ActiveCfg = Debug|Any CPU
		{AB36EC55-B760-4139-AAAA-2A33C9F86F33}.Debug|Any CPU.Build.0 = Debug|Any CPU
		{AB36EC55-B760-4139-AAAA-2A33C9F86F33}.Release|Any CPU.ActiveCfg = Release|Any CPU
		{AB36EC55-B760-4139-AAAA-2A33C9F86F33}.Release|Any CPU.Build.0 = Release|Any CPU
		{2404EE02-7F9F-4B3C-97FA-E56E0359A2D3}.Debug|Any CPU.ActiveCfg = Debug|Any CPU
		{2404EE02-7F9F-4B3C-97FA-E56E0359A2D3}.Debug|Any CPU.Build.0 = Debug|Any CPU
		{2404EE02-7F9F-4B3C-97FA-E56E0359A2D3}.Release|Any CPU.ActiveCfg = Release|Any CPU
		{2404EE02-7F9F-4B3C-97FA-E56E0359A2D3}.Release|Any CPU.Build.0 = Release|Any CPU
	EndGlobalSection
	GlobalSection(SolutionProperties) = preSolution
		HideSolutionNode = FALSE
	EndGlobalSection
	GlobalSection(ExtensibilityGlobals) = postSolution
		SolutionGuid = {9C5FFBA9-30DC-460A-BF13-43A885BF30BC}
	EndGlobalSection
EndGlobal
