
Microsoft Visual Studio Solution File, Format Version 12.00
# Visual Studio Version 16
VisualStudioVersion = 16.0.31229.75
MinimumVisualStudioVersion = 10.0.40219.1
Project("{FAE04EC0-301F-11D3-BF4B-00C04F79EFBC}") = "Lab3", "Lab3.csproj", "{BE78274B-47EE-4E8D-9A48-44C32B37FCD7}"
EndProject
Global
	GlobalSection(SolutionConfigurationPlatforms) = preSolution
		Debug|Any CPU = Debug|Any CPU
		Release|Any CPU = Release|Any CPU
	EndGlobalSection
	GlobalSection(ProjectConfigurationPlatforms) = postSolution
		{BE78274B-47EE-4E8D-9A48-44C32B37FCD7}.Debug|Any CPU.ActiveCfg = Debug|Any CPU
		{BE78274B-47EE-4E8D-9A48-44C32B37FCD7}.Debug|Any CPU.Build.0 = Debug|Any CPU
		{BE78274B-47EE-4E8D-9A48-44C32B37FCD7}.Release|Any CPU.ActiveCfg = Release|Any CPU
		{BE78274B-47EE-4E8D-9A48-44C32B37FCD7}.Release|Any CPU.Build.0 = Release|Any CPU
	EndGlobalSection
	GlobalSection(SolutionProperties) = preSolution
		HideSolutionNode = FALSE
	EndGlobalSection
	GlobalSection(ExtensibilityGlobals) = postSolution
		SolutionGuid = {08DA4FF6-2909-4BDF-83AB-FB366C49FF9C}
	EndGlobalSection
EndGlobal
